
Microsoft Visual Studio Solution File, Format Version 11.00
# Visual Studio 2010
Project("{FAE04EC0-301F-11D3-BF4B-00C04F79EFBC}") = "ExEnCore_ios", "ExEnCore\ExEnCore_ios.csproj", "{4740C1D7-5EE0-43AC-A862-45B8D245FC43}"
EndProject
Project("{FAE04EC0-301F-11D3-BF4B-00C04F79EFBC}") = "ExEn_ios", "ExEn_ios\ExEn_ios.csproj", "{45A1D6BD-C3A6-4AB8-A425-31F873DA0733}"
EndProject
Project("{FAE04EC0-301F-11D3-BF4B-00C04F79EFBC}") = "Tiny2d_ios", "Tiny2d\Tiny2d_ios.csproj", "{440C7F9E-F8F6-4A42-8558-56CC0C20B864}"
EndProject
Global
	GlobalSection(SolutionConfigurationPlatforms) = preSolution
		Debug|iPhoneSimulator = Debug|iPhoneSimulator
		Release|iPhoneSimulator = Release|iPhoneSimulator
		Debug|iPhone = Debug|iPhone
		Release|iPhone = Release|iPhone
		Ad-Hoc|iPhone = Ad-Hoc|iPhone
		AppStore|iPhone = AppStore|iPhone
	EndGlobalSection
	GlobalSection(ProjectConfigurationPlatforms) = postSolution
		{440C7F9E-F8F6-4A42-8558-56CC0C20B864}.Ad-Hoc|iPhone.ActiveCfg = Debug|Any CPU
		{440C7F9E-F8F6-4A42-8558-56CC0C20B864}.Ad-Hoc|iPhone.Build.0 = Debug|Any CPU
		{440C7F9E-F8F6-4A42-8558-56CC0C20B864}.AppStore|iPhone.ActiveCfg = Debug|Any CPU
		{440C7F9E-F8F6-4A42-8558-56CC0C20B864}.AppStore|iPhone.Build.0 = Debug|Any CPU
		{440C7F9E-F8F6-4A42-8558-56CC0C20B864}.Debug|iPhone.ActiveCfg = Debug|Any CPU
		{440C7F9E-F8F6-4A42-8558-56CC0C20B864}.Debug|iPhone.Build.0 = Debug|Any CPU
		{440C7F9E-F8F6-4A42-8558-56CC0C20B864}.Debug|iPhoneSimulator.ActiveCfg = Debug|Any CPU
		{440C7F9E-F8F6-4A42-8558-56CC0C20B864}.Debug|iPhoneSimulator.Build.0 = Debug|Any CPU
		{440C7F9E-F8F6-4A42-8558-56CC0C20B864}.Release|iPhone.ActiveCfg = Release|Any CPU
		{440C7F9E-F8F6-4A42-8558-56CC0C20B864}.Release|iPhone.Build.0 = Release|Any CPU
		{440C7F9E-F8F6-4A42-8558-56CC0C20B864}.Release|iPhoneSimulator.ActiveCfg = Release|Any CPU
		{440C7F9E-F8F6-4A42-8558-56CC0C20B864}.Release|iPhoneSimulator.Build.0 = Release|Any CPU
		{45A1D6BD-C3A6-4AB8-A425-31F873DA0733}.Debug|iPhone.ActiveCfg = Debug|Any CPU
		{45A1D6BD-C3A6-4AB8-A425-31F873DA0733}.Debug|iPhone.Build.0 = Debug|Any CPU
		{45A1D6BD-C3A6-4AB8-A425-31F873DA0733}.Debug|iPhoneSimulator.ActiveCfg = Debug|Any CPU
		{45A1D6BD-C3A6-4AB8-A425-31F873DA0733}.Debug|iPhoneSimulator.Build.0 = Debug|Any CPU
		{45A1D6BD-C3A6-4AB8-A425-31F873DA0733}.Release|iPhone.ActiveCfg = Release|Any CPU
		{45A1D6BD-C3A6-4AB8-A425-31F873DA0733}.Release|iPhone.Build.0 = Release|Any CPU
		{45A1D6BD-C3A6-4AB8-A425-31F873DA0733}.Release|iPhoneSimulator.ActiveCfg = Release|Any CPU
		{45A1D6BD-C3A6-4AB8-A425-31F873DA0733}.Release|iPhoneSimulator.Build.0 = Release|Any CPU
		{4740C1D7-5EE0-43AC-A862-45B8D245FC43}.Debug|iPhone.ActiveCfg = Debug|iPhone
		{4740C1D7-5EE0-43AC-A862-45B8D245FC43}.Debug|iPhone.Build.0 = Debug|iPhone
		{4740C1D7-5EE0-43AC-A862-45B8D245FC43}.Debug|iPhoneSimulator.ActiveCfg = Debug|iPhoneSimulator
		{4740C1D7-5EE0-43AC-A862-45B8D245FC43}.Debug|iPhoneSimulator.Build.0 = Debug|iPhoneSimulator
		{4740C1D7-5EE0-43AC-A862-45B8D245FC43}.Release|iPhone.ActiveCfg = Release|iPhone
		{4740C1D7-5EE0-43AC-A862-45B8D245FC43}.Release|iPhone.Build.0 = Release|iPhone
		{4740C1D7-5EE0-43AC-A862-45B8D245FC43}.Release|iPhoneSimulator.ActiveCfg = Release|iPhoneSimulator
		{4740C1D7-5EE0-43AC-A862-45B8D245FC43}.Release|iPhoneSimulator.Build.0 = Release|iPhoneSimulator
	EndGlobalSection
	GlobalSection(MonoDevelopProperties) = preSolution
		StartupItem = Tiny2d\Tiny2d_ios.csproj
		Policies = $0
		$0.TextStylePolicy = $1
		$1.TabWidth = 4
		$1.inheritsSet = Mono
		$1.inheritsScope = text/plain
		$1.scope = text/x-csharp
		$0.CSharpFormattingPolicy = $2
		$2.BeforeMethodDeclarationParentheses = False
		$2.BeforeMethodCallParentheses = False
		$2.BeforeConstructorDeclarationParentheses = False
		$2.BeforeDelegateDeclarationParentheses = False
		$2.NewParentheses = False
		$2.IfParentheses = False
		$2.WhileParentheses = False
		$2.ForParentheses = False
		$2.ForeachParentheses = False
		$2.CatchParentheses = False
		$2.SwitchParentheses = False
		$2.LockParentheses = False
		$2.UsingParentheses = False
		$2.inheritsSet = Mono
		$2.inheritsScope = text/x-csharp
		$2.scope = text/x-csharp
		$0.TextStylePolicy = $3
		$3.TabWidth = 4
		$3.inheritsSet = Mono
		$3.inheritsScope = text/plain
		$3.scope = text/plain
	EndGlobalSection
EndGlobal
